{
  "originHash" : "9493db763d2148a09d7858374893058b0b291895aa6fa3adddad1e3dc7c22f20",
  "pins" : [
    {
      "identity" : "kingfisher",
      "kind" : "remoteSourceControl",
      "location" : "https://github.com/onevcat/Kingfisher.git",
      "state" : {
        "revision" : "d30a5fad881137e2267f96a8e3fc35c58999bb94",
        "version" : "8.6.2"
      }
    },
    {
      "identity" : "sidemenu",
      "kind" : "remoteSourceControl",
      "location" : "https://github.com/jonkykong/SideMenu",
      "state" : {
        "revision" : "8bd4fd128923cf5494fa726839af8afe12908ad9",
        "version" : "6.5.0"
      }
    }
  ],
  "version" : 3
}
